// !$*UTF8*$!
{
	archiveVersion = 1;
	classes = {};
	objectVersion = 60;
	objects = {

/* Begin PBXBuildFile section */
		000000000000000000041009 = {isa = PBXBuildFile; fileRef = 000000000000000000042011; };
		000000000000000000041001 /* PlugApp.swift in Sources */ = {isa = PBXBuildFile; fileRef = 000000000000000000042001; };
		000000000000000000041002 /* AppEnvironment.swift in Sources */ = {isa = PBXBuildFile; fileRef = 000000000000000000042002; };
		000000000000000000041003 /* APIClient.swift in Sources */ = {isa = PBXBuildFile; fileRef = 000000000000000000042003; };
		000000000000000000041004 /* HealthView.swift in Sources */ = {isa = PBXBuildFile; fileRef = 000000000000000000042004; };
		000000000000000000041005 /* HealthResponseTests.swift in Sources */ = {isa = PBXBuildFile; fileRef = 000000000000000000042005; };
		000000000000000000041006 /* XCTest.framework in Frameworks */ = {isa = PBXBuildFile; fileRef = 000000000000000000042008; };
		000000000000000000041007 = {isa = PBXBuildFile; fileRef = 000000000000000000042009; };
		000000000000000000041008 = {isa = PBXBuildFile; fileRef = 00000000000000000004200A; };
/* End PBXBuildFile section */

/* Begin PBXContainerItemProxy section */
		000000000000000000043001 = {isa = PBXContainerItemProxy; containerPortal = 000000000000000000050001; proxyType = 1; remoteGlobalIDString = 000000000000000000054001; remoteInfo = Plug; };
/* End PBXContainerItemProxy section */

/* Begin PBXFileReference section */
		000000000000000000042011 = {isa = PBXFileReference; lastKnownFileType = sourcecode.swift; path = APIClientTests.swift; sourceTree = "<group>"; };
		000000000000000000042001 = {isa = PBXFileReference; lastKnownFileType = sourcecode.swift; path = PlugApp.swift; sourceTree = "<group>"; };
		000000000000000000042002 = {isa = PBXFileReference; lastKnownFileType = sourcecode.swift; path = AppEnvironment.swift; sourceTree = "<group>"; };
		000000000000000000042003 = {isa = PBXFileReference; lastKnownFileType = sourcecode.swift; path = APIClient.swift; sourceTree = "<group>"; };
		000000000000000000042004 = {isa = PBXFileReference; lastKnownFileType = sourcecode.swift; path = HealthView.swift; sourceTree = "<group>"; };
		000000000000000000042005 = {isa = PBXFileReference; lastKnownFileType = sourcecode.swift; path = HealthResponseTests.swift; sourceTree = "<group>"; };
		000000000000000000042009 = {isa = PBXFileReference; lastKnownFileType = text.json; path = "../../contracts/examples/health-response.json"; sourceTree = "<group>"; };
		00000000000000000004200A = {isa = PBXFileReference; lastKnownFileType = sourcecode.swift; path = "Core/DesignSystem/PlugTokens.swift"; sourceTree = "<group>"; };
		000000000000000000042006 = {isa = PBXFileReference; explicitFileType = wrapper.application; includeInIndex = 0; path = Plug.app; sourceTree = BUILT_PRODUCTS_DIR; };
		000000000000000000042007 = {isa = PBXFileReference; explicitFileType = wrapper.cfbundle; includeInIndex = 0; path = PlugTests.xctest; sourceTree = BUILT_PRODUCTS_DIR; };
		000000000000000000042008 = {isa = PBXFileReference; lastKnownFileType = wrapper.framework; name = XCTest.framework; path = Platforms/iPhoneOS.platform/Developer/Library/Frameworks/XCTest.framework; sourceTree = DEVELOPER_DIR; };
/* End PBXFileReference section */

/* Begin PBXFrameworksBuildPhase section */
		000000000000000000046001 = {isa = PBXFrameworksBuildPhase; buildActionMask = 2147483647; files = (); runOnlyForDeploymentPostprocessing = 0; };
		000000000000000000046002 = {isa = PBXFrameworksBuildPhase; buildActionMask = 2147483647; files = (000000000000000000041006,); runOnlyForDeploymentPostprocessing = 0; };
/* End PBXFrameworksBuildPhase section */

/* Begin PBXGroup section */
		000000000000000000047001 = {isa = PBXGroup; children = (000000000000000000047002, 000000000000000000047003, 000000000000000000047004, 000000000000000000047005,); sourceTree = "<group>"; };
		000000000000000000047002 = {isa = PBXGroup; path = Plug; sourceTree = "<group>"; children = (000000000000000000047006, 000000000000000000047007, 000000000000000000047008, 00000000000000000004200A,); };
		000000000000000000047003 = {isa = PBXGroup; path = PlugTests; sourceTree = "<group>"; children = (000000000000000000042005, 000000000000000000042009, 000000000000000000042011,); };
		000000000000000000047004 = {isa = PBXGroup; name = Products; sourceTree = "<group>"; children = (000000000000000000042006, 000000000000000000042007,); };
		000000000000000000047005 = {isa = PBXGroup; name = Frameworks; sourceTree = "<group>"; children = (000000000000000000042008,); };
		000000000000000000047006 = {isa = PBXGroup; path = App; sourceTree = "<group>"; children = (000000000000000000042001, 000000000000000000042002,); };
		000000000000000000047007 = {isa = PBXGroup; path = Core/Networking; sourceTree = "<group>"; children = (000000000000000000042003,); };
		000000000000000000047008 = {isa = PBXGroup; path = Features/Engineering; sourceTree = "<group>"; children = (000000000000000000042004,); };
/* End PBXGroup section */

/* Begin PBXNativeTarget section */
		000000000000000000054001 = {isa = PBXNativeTarget; buildConfigurationList = 00000000000000000004C002; buildPhases = (000000000000000000053001, 000000000000000000046001, 000000000000000000052001,); buildRules = (); dependencies = (); name = Plug; productName = Plug; productReference = 000000000000000000042006; productType = "com.apple.product-type.application"; };
		000000000000000000054002 = {isa = PBXNativeTarget; buildConfigurationList = 00000000000000000004C003; buildPhases = (000000000000000000053002, 000000000000000000046002, 000000000000000000052002,); buildRules = (); dependencies = (000000000000000000044001,); name = PlugTests; productName = PlugTests; productReference = 000000000000000000042007; productType = "com.apple.product-type.bundle.unit-test"; };
/* End PBXNativeTarget section */

/* Begin PBXProject section */
		000000000000000000050001 = {isa = PBXProject; attributes = {BuildIndependentTargetsInParallel = 1; LastSwiftUpdateCheck = 1600; LastUpgradeCheck = 1600; TargetAttributes = {000000000000000000054001 = {CreatedOnToolsVersion = 16.0;}; 000000000000000000054002 = {CreatedOnToolsVersion = 16.0; TestTargetID = 000000000000000000054001;};};}; buildConfigurationList = 00000000000000000004C001; compatibilityVersion = "Xcode 15.0"; developmentRegion = en; knownRegions = (en, Base,); mainGroup = 000000000000000000047001; productRefGroup = 000000000000000000047004; projectDirPath = ""; projectRoot = ""; targets = (000000000000000000054001, 000000000000000000054002,); };
/* End PBXProject section */

/* Begin PBXResourcesBuildPhase section */
		000000000000000000052001 = {isa = PBXResourcesBuildPhase; buildActionMask = 2147483647; files = (); runOnlyForDeploymentPostprocessing = 0; };
		000000000000000000052002 = {isa = PBXResourcesBuildPhase; buildActionMask = 2147483647; files = (000000000000000000041007,); runOnlyForDeploymentPostprocessing = 0; };
/* End PBXResourcesBuildPhase section */

/* Begin PBXSourcesBuildPhase section */
		000000000000000000053001 = {isa = PBXSourcesBuildPhase; buildActionMask = 2147483647; files = (000000000000000000041001, 000000000000000000041002, 000000000000000000041003, 000000000000000000041004, 000000000000000000041008,); runOnlyForDeploymentPostprocessing = 0; };
		000000000000000000053002 = {isa = PBXSourcesBuildPhase; buildActionMask = 2147483647; files = (000000000000000000041005, 000000000000000000041009,); runOnlyForDeploymentPostprocessing = 0; };
/* End PBXSourcesBuildPhase section */

/* Begin PBXTargetDependency section */
		000000000000000000044001 = {isa = PBXTargetDependency; target = 000000000000000000054001; targetProxy = 000000000000000000043001; };
/* End PBXTargetDependency section */

/* Begin XCBuildConfiguration section */
		000000000000000000043065 = {isa = XCBuildConfiguration; buildSettings = {ALWAYS_SEARCH_USER_PATHS = NO; CLANG_ENABLE_MODULES = YES; SDKROOT = iphoneos; SWIFT_ACTIVE_COMPILATION_CONDITIONS = DEBUG; SWIFT_VERSION = 5.0;}; name = Debug; };
		000000000000000000043066 = {isa = XCBuildConfiguration; buildSettings = {ALWAYS_SEARCH_USER_PATHS = NO; CLANG_ENABLE_MODULES = YES; SDKROOT = iphoneos; SWIFT_VERSION = 5.0;}; name = Release; };
		0000000000000000000430C9 = {isa = XCBuildConfiguration; buildSettings = {CODE_SIGN_STYLE = Automatic; CURRENT_PROJECT_VERSION = 1; DEVELOPMENT_TEAM = ""; ENABLE_TESTABILITY = YES; GENERATE_INFOPLIST_FILE = YES; INFOPLIST_FILE = Plug/Resources/Debug-Info.plist; IPHONEOS_DEPLOYMENT_TARGET = 17.0; MARKETING_VERSION = 0.1.0; PRODUCT_BUNDLE_IDENTIFIER = com.plug.app; PRODUCT_NAME = "$(TARGET_NAME)"; SWIFT_ACTIVE_COMPILATION_CONDITIONS = DEBUG; SWIFT_EMIT_LOC_STRINGS = YES; TARGETED_DEVICE_FAMILY = "1,2";}; name = Debug; };
		0000000000000000000430CA = {isa = XCBuildConfiguration; buildSettings = {CODE_SIGN_STYLE = Automatic; CURRENT_PROJECT_VERSION = 1; DEVELOPMENT_TEAM = ""; ENABLE_TESTABILITY = NO; GENERATE_INFOPLIST_FILE = YES; INFOPLIST_FILE = Plug/Resources/Release-Info.plist; IPHONEOS_DEPLOYMENT_TARGET = 17.0; MARKETING_VERSION = 0.1.0; PRODUCT_BUNDLE_IDENTIFIER = com.plug.app; PRODUCT_NAME = "$(TARGET_NAME)"; SWIFT_COMPILATION_MODE = wholemodule; TARGETED_DEVICE_FAMILY = "1,2";}; name = Release; };
		00000000000000000004312D = {isa = XCBuildConfiguration; buildSettings = {BUNDLE_LOADER = "$(TEST_HOST)"; GENERATE_INFOPLIST_FILE = YES; IPHONEOS_DEPLOYMENT_TARGET = 17.0; PRODUCT_BUNDLE_IDENTIFIER = com.plug.app.tests; PRODUCT_NAME = "$(TARGET_NAME)"; SWIFT_VERSION = 5.0; TEST_HOST = "$(BUILT_PRODUCTS_DIR)/Plug.app/$(BUNDLE_EXECUTABLE_FOLDER_PATH)/Plug";}; name = Debug; };
		00000000000000000004312E = {isa = XCBuildConfiguration; buildSettings = {BUNDLE_LOADER = "$(TEST_HOST)"; GENERATE_INFOPLIST_FILE = YES; IPHONEOS_DEPLOYMENT_TARGET = 17.0; PRODUCT_BUNDLE_IDENTIFIER = com.plug.app.tests; PRODUCT_NAME = "$(TARGET_NAME)"; SWIFT_VERSION = 5.0; TEST_HOST = "$(BUILT_PRODUCTS_DIR)/Plug.app/$(BUNDLE_EXECUTABLE_FOLDER_PATH)/Plug";}; name = Release; };
/* End XCBuildConfiguration section */

/* Begin XCConfigurationList section */
		00000000000000000004C001 = {isa = XCConfigurationList; buildConfigurations = (000000000000000000043065, 000000000000000000043066,); defaultConfigurationIsVisible = 0; defaultConfigurationName = Release; };
		00000000000000000004C002 = {isa = XCConfigurationList; buildConfigurations = (0000000000000000000430C9, 0000000000000000000430CA,); defaultConfigurationIsVisible = 0; defaultConfigurationName = Release; };
		00000000000000000004C003 = {isa = XCConfigurationList; buildConfigurations = (00000000000000000004312D, 00000000000000000004312E,); defaultConfigurationIsVisible = 0; defaultConfigurationName = Release; };
/* End XCConfigurationList section */
	};
	rootObject = 000000000000000000050001;
}
