// !$*UTF8*$!
{
	archiveVersion = 1;
	classes = {
	};
	objectVersion = 60;
	objects = {

/* Begin PBXBuildFile section */
		000000000000000000041001 /* PlugApp.swift in Sources */ = {isa = PBXBuildFile; fileRef = 000000000000000000042001 /* PlugApp.swift */; };
		000000000000000000041002 /* AppEnvironment.swift in Sources */ = {isa = PBXBuildFile; fileRef = 000000000000000000042002 /* AppEnvironment.swift */; };
		000000000000000000041003 /* APIClient.swift in Sources */ = {isa = PBXBuildFile; fileRef = 000000000000000000042003 /* APIClient.swift */; };
		000000000000000000041004 /* HealthView.swift in Sources */ = {isa = PBXBuildFile; fileRef = 000000000000000000042004 /* HealthView.swift */; };
		000000000000000000041005 /* HealthResponseTests.swift in Sources */ = {isa = PBXBuildFile; fileRef = 000000000000000000042005 /* HealthResponseTests.swift */; };
		000000000000000000041006 /* XCTest.framework in Frameworks */ = {isa = PBXBuildFile; fileRef = 000000000000000000042008 /* XCTest.framework */; };
		000000000000000000041007 /* ../../contracts/examples/health-response.json in Resources */ = {isa = PBXBuildFile; fileRef = 000000000000000000042009 /* ../../contracts/examples/health-response.json */; };
		000000000000000000041008 /* Core/DesignSystem/PlugTokens.swift in Sources */ = {isa = PBXBuildFile; fileRef = 00000000000000000004200A /* Core/DesignSystem/PlugTokens.swift */; };
		000000000000000000041009 /* APIClientTests.swift in Sources */ = {isa = PBXBuildFile; fileRef = 000000000000000000042011 /* APIClientTests.swift */; };
		2E857CDF393AE466C187ED01 /* Color+Hex.swift in Sources */ = {isa = PBXBuildFile; fileRef = 6DB49517B5D2AF9A08A45A59 /* Color+Hex.swift */; };
		E12CEBECEADA3ECFCA6E1DD9 /* Tokens.swift (generated) in Sources */ = {isa = PBXBuildFile; fileRef = 7BD30A4E31CEEF24554C5319 /* Tokens.swift (generated) */; };
		A100000000000000000001F5 /* Core/Networking/Endpoint.swift in Sources */ = {isa = PBXBuildFile; fileRef = A10000000000000000000001 /* Core/Networking/Endpoint.swift */; };
		A100000000000000000001F6 /* Core/Networking/APIError.swift in Sources */ = {isa = PBXBuildFile; fileRef = A10000000000000000000002 /* Core/Networking/APIError.swift */; };
		A100000000000000000001F7 /* Core/Storage/KeychainStore.swift in Sources */ = {isa = PBXBuildFile; fileRef = A10000000000000000000003 /* Core/Storage/KeychainStore.swift */; };
		A100000000000000000001F8 /* Core/Storage/SessionStore.swift in Sources */ = {isa = PBXBuildFile; fileRef = A10000000000000000000004 /* Core/Storage/SessionStore.swift */; };
		A100000000000000000001F9 /* Core/Models/Session.swift in Sources */ = {isa = PBXBuildFile; fileRef = A10000000000000000000005 /* Core/Models/Session.swift */; };
		A100000000000000000001FA /* Core/Utilities/SignInNonce.swift in Sources */ = {isa = PBXBuildFile; fileRef = A10000000000000000000006 /* Core/Utilities/SignInNonce.swift */; };
		A100000000000000000001FB /* Features/Authentication/AuthenticationState.swift in Sources */ = {isa = PBXBuildFile; fileRef = A10000000000000000000007 /* Features/Authentication/AuthenticationState.swift */; };
		A100000000000000000001FC /* Features/Authentication/AuthenticationModel.swift in Sources */ = {isa = PBXBuildFile; fileRef = A10000000000000000000008 /* Features/Authentication/AuthenticationModel.swift */; };
		A100000000000000000001FD /* Features/Authentication/ConsentNotice.swift in Sources */ = {isa = PBXBuildFile; fileRef = A10000000000000000000009 /* Features/Authentication/ConsentNotice.swift */; };
		A100000000000000000001FE /* Features/Authentication/CodeEntryView.swift in Sources */ = {isa = PBXBuildFile; fileRef = A1000000000000000000000A /* Features/Authentication/CodeEntryView.swift */; };
		A100000000000000000001FF /* Features/Authentication/WelcomeView.swift in Sources */ = {isa = PBXBuildFile; fileRef = A1000000000000000000000B /* Features/Authentication/WelcomeView.swift */; };
		A10000000000000000000258 /* TestTransport.swift in Sources */ = {isa = PBXBuildFile; fileRef = A10000000000000000000064 /* TestTransport.swift */; };
		A10000000000000000000259 /* InMemoryCredentialStore.swift in Sources */ = {isa = PBXBuildFile; fileRef = A10000000000000000000065 /* InMemoryCredentialStore.swift */; };
		A1000000000000000000025A /* KeychainStoreTests.swift in Sources */ = {isa = PBXBuildFile; fileRef = A10000000000000000000066 /* KeychainStoreTests.swift */; };
		A1000000000000000000025B /* SessionStoreTests.swift in Sources */ = {isa = PBXBuildFile; fileRef = A10000000000000000000067 /* SessionStoreTests.swift */; };
		A1000000000000000000025C /* AuthenticationModelTests.swift in Sources */ = {isa = PBXBuildFile; fileRef = A10000000000000000000068 /* AuthenticationModelTests.swift */; };
		A10000000000000000000D /* Core/Networking/PlugJSON.swift in Sources */ = {isa = PBXBuildFile; fileRef = A10000000000000000000C /* Core/Networking/PlugJSON.swift */; };
/* End PBXBuildFile section */

/* Begin PBXContainerItemProxy section */
		000000000000000000043001 /* PBXContainerItemProxy */ = {
			isa = PBXContainerItemProxy;
			containerPortal = 000000000000000000050001 /* Project object */;
			proxyType = 1;
			remoteGlobalIDString = 000000000000000000054001;
			remoteInfo = Plug;
		};
/* End PBXContainerItemProxy section */

/* Begin PBXFileReference section */
		000000000000000000042001 /* PlugApp.swift */ = {isa = PBXFileReference; lastKnownFileType = sourcecode.swift; path = PlugApp.swift; sourceTree = "<group>"; };
		000000000000000000042002 /* AppEnvironment.swift */ = {isa = PBXFileReference; lastKnownFileType = sourcecode.swift; path = AppEnvironment.swift; sourceTree = "<group>"; };
		000000000000000000042003 /* APIClient.swift */ = {isa = PBXFileReference; lastKnownFileType = sourcecode.swift; path = APIClient.swift; sourceTree = "<group>"; };
		000000000000000000042004 /* HealthView.swift */ = {isa = PBXFileReference; lastKnownFileType = sourcecode.swift; path = HealthView.swift; sourceTree = "<group>"; };
		000000000000000000042005 /* HealthResponseTests.swift */ = {isa = PBXFileReference; lastKnownFileType = sourcecode.swift; path = HealthResponseTests.swift; sourceTree = "<group>"; };
		000000000000000000042006 /* Plug.app */ = {isa = PBXFileReference; explicitFileType = wrapper.application; includeInIndex = 0; path = Plug.app; sourceTree = BUILT_PRODUCTS_DIR; };
		000000000000000000042007 /* PlugTests.xctest */ = {isa = PBXFileReference; explicitFileType = wrapper.cfbundle; includeInIndex = 0; path = PlugTests.xctest; sourceTree = BUILT_PRODUCTS_DIR; };
		000000000000000000042008 /* XCTest.framework */ = {isa = PBXFileReference; lastKnownFileType = wrapper.framework; name = XCTest.framework; path = Platforms/iPhoneOS.platform/Developer/Library/Frameworks/XCTest.framework; sourceTree = DEVELOPER_DIR; };
		000000000000000000042009 /* ../../contracts/examples/health-response.json */ = {isa = PBXFileReference; lastKnownFileType = text.json; path = "../../contracts/examples/health-response.json"; sourceTree = "<group>"; };
		00000000000000000004200A /* Core/DesignSystem/PlugTokens.swift */ = {isa = PBXFileReference; lastKnownFileType = sourcecode.swift; path = Core/DesignSystem/PlugTokens.swift; sourceTree = "<group>"; };
		000000000000000000042011 /* APIClientTests.swift */ = {isa = PBXFileReference; lastKnownFileType = sourcecode.swift; path = APIClientTests.swift; sourceTree = "<group>"; };
		6DB49517B5D2AF9A08A45A59 /* Color+Hex.swift */ = {isa = PBXFileReference; includeInIndex = 1; lastKnownFileType = sourcecode.swift; name = "Color+Hex.swift"; path = "Core/DesignSystem/Color+Hex.swift"; sourceTree = "<group>"; };
		7BD30A4E31CEEF24554C5319 /* Tokens.swift (generated) */ = {isa = PBXFileReference; includeInIndex = 1; lastKnownFileType = sourcecode.swift; name = "Tokens.swift (generated)"; path = ../../design/generated/Tokens.swift; sourceTree = "<group>"; };
		A10000000000000000000001 /* Core/Networking/Endpoint.swift */ = {isa = PBXFileReference; lastKnownFileType = sourcecode.swift; path = "Core/Networking/Endpoint.swift"; sourceTree = "<group>"; };
		A10000000000000000000002 /* Core/Networking/APIError.swift */ = {isa = PBXFileReference; lastKnownFileType = sourcecode.swift; path = "Core/Networking/APIError.swift"; sourceTree = "<group>"; };
		A10000000000000000000003 /* Core/Storage/KeychainStore.swift */ = {isa = PBXFileReference; lastKnownFileType = sourcecode.swift; path = "Core/Storage/KeychainStore.swift"; sourceTree = "<group>"; };
		A10000000000000000000004 /* Core/Storage/SessionStore.swift */ = {isa = PBXFileReference; lastKnownFileType = sourcecode.swift; path = "Core/Storage/SessionStore.swift"; sourceTree = "<group>"; };
		A10000000000000000000005 /* Core/Models/Session.swift */ = {isa = PBXFileReference; lastKnownFileType = sourcecode.swift; path = "Core/Models/Session.swift"; sourceTree = "<group>"; };
		A10000000000000000000006 /* Core/Utilities/SignInNonce.swift */ = {isa = PBXFileReference; lastKnownFileType = sourcecode.swift; path = "Core/Utilities/SignInNonce.swift"; sourceTree = "<group>"; };
		A10000000000000000000007 /* Features/Authentication/AuthenticationState.swift */ = {isa = PBXFileReference; lastKnownFileType = sourcecode.swift; path = "Features/Authentication/AuthenticationState.swift"; sourceTree = "<group>"; };
		A10000000000000000000008 /* Features/Authentication/AuthenticationModel.swift */ = {isa = PBXFileReference; lastKnownFileType = sourcecode.swift; path = "Features/Authentication/AuthenticationModel.swift"; sourceTree = "<group>"; };
		A10000000000000000000009 /* Features/Authentication/ConsentNotice.swift */ = {isa = PBXFileReference; lastKnownFileType = sourcecode.swift; path = "Features/Authentication/ConsentNotice.swift"; sourceTree = "<group>"; };
		A1000000000000000000000A /* Features/Authentication/CodeEntryView.swift */ = {isa = PBXFileReference; lastKnownFileType = sourcecode.swift; path = "Features/Authentication/CodeEntryView.swift"; sourceTree = "<group>"; };
		A1000000000000000000000B /* Features/Authentication/WelcomeView.swift */ = {isa = PBXFileReference; lastKnownFileType = sourcecode.swift; path = "Features/Authentication/WelcomeView.swift"; sourceTree = "<group>"; };
		A10000000000000000000064 /* TestTransport.swift */ = {isa = PBXFileReference; lastKnownFileType = sourcecode.swift; path = TestTransport.swift; sourceTree = "<group>"; };
		A10000000000000000000065 /* InMemoryCredentialStore.swift */ = {isa = PBXFileReference; lastKnownFileType = sourcecode.swift; path = InMemoryCredentialStore.swift; sourceTree = "<group>"; };
		A10000000000000000000066 /* KeychainStoreTests.swift */ = {isa = PBXFileReference; lastKnownFileType = sourcecode.swift; path = KeychainStoreTests.swift; sourceTree = "<group>"; };
		A10000000000000000000067 /* SessionStoreTests.swift */ = {isa = PBXFileReference; lastKnownFileType = sourcecode.swift; path = SessionStoreTests.swift; sourceTree = "<group>"; };
		A10000000000000000000068 /* AuthenticationModelTests.swift */ = {isa = PBXFileReference; lastKnownFileType = sourcecode.swift; path = AuthenticationModelTests.swift; sourceTree = "<group>"; };
		A10000000000000000000384 /* Resources/Plug.entitlements */ = {isa = PBXFileReference; lastKnownFileType = text.plist.entitlements; path = "Resources/Plug.entitlements"; sourceTree = "<group>"; };
		A10000000000000000000C /* Core/Networking/PlugJSON.swift */ = {isa = PBXFileReference; lastKnownFileType = sourcecode.swift; path = "Core/Networking/PlugJSON.swift"; sourceTree = "<group>"; };
/* End PBXFileReference section */

/* Begin PBXFrameworksBuildPhase section */
		000000000000000000046001 /* Frameworks */ = {
			isa = PBXFrameworksBuildPhase;
			buildActionMask = 2147483647;
			files = (
			);
			runOnlyForDeploymentPostprocessing = 0;
		};
		000000000000000000046002 /* Frameworks */ = {
			isa = PBXFrameworksBuildPhase;
			buildActionMask = 2147483647;
			files = (
				000000000000000000041006 /* XCTest.framework in Frameworks */,
			);
			runOnlyForDeploymentPostprocessing = 0;
		};
/* End PBXFrameworksBuildPhase section */

/* Begin PBXGroup section */
		000000000000000000047001 = {
			isa = PBXGroup;
			children = (
				000000000000000000047002 /* Plug */,
				000000000000000000047003 /* PlugTests */,
				000000000000000000047004 /* Products */,
				000000000000000000047005 /* Frameworks */,
			);
			sourceTree = "<group>";
		};
		000000000000000000047002 /* Plug */ = {
			isa = PBXGroup;
			children = (
				000000000000000000047006 /* App */,
				000000000000000000047007 /* Core/Networking */,
				000000000000000000047008 /* Features/Engineering */,
				00000000000000000004200A /* Core/DesignSystem/PlugTokens.swift */,
				A10000000000000000000001 /* Core/Networking/Endpoint.swift */,
				A10000000000000000000002 /* Core/Networking/APIError.swift */,
				A10000000000000000000003 /* Core/Storage/KeychainStore.swift */,
				A10000000000000000000004 /* Core/Storage/SessionStore.swift */,
				A10000000000000000000005 /* Core/Models/Session.swift */,
				A10000000000000000000006 /* Core/Utilities/SignInNonce.swift */,
				A10000000000000000000007 /* Features/Authentication/AuthenticationState.swift */,
				A10000000000000000000008 /* Features/Authentication/AuthenticationModel.swift */,
				A10000000000000000000009 /* Features/Authentication/ConsentNotice.swift */,
				A1000000000000000000000A /* Features/Authentication/CodeEntryView.swift */,
				A1000000000000000000000B /* Features/Authentication/WelcomeView.swift */,
				A10000000000000000000384 /* Resources/Plug.entitlements */,
				A10000000000000000000C /* Core/Networking/PlugJSON.swift */,
				6DB49517B5D2AF9A08A45A59 /* Color+Hex.swift */,
				7BD30A4E31CEEF24554C5319 /* Tokens.swift (generated) */,
			);
			path = Plug;
			sourceTree = "<group>";
		};
		000000000000000000047003 /* PlugTests */ = {
			isa = PBXGroup;
			children = (
				000000000000000000042005 /* HealthResponseTests.swift */,
				000000000000000000042009 /* ../../contracts/examples/health-response.json */,
				000000000000000000042011 /* APIClientTests.swift */,
				A10000000000000000000064 /* TestTransport.swift */,
				A10000000000000000000065 /* InMemoryCredentialStore.swift */,
				A10000000000000000000066 /* KeychainStoreTests.swift */,
				A10000000000000000000067 /* SessionStoreTests.swift */,
				A10000000000000000000068 /* AuthenticationModelTests.swift */,
			);
			path = PlugTests;
			sourceTree = "<group>";
		};
		000000000000000000047004 /* Products */ = {
			isa = PBXGroup;
			children = (
				000000000000000000042006 /* Plug.app */,
				000000000000000000042007 /* PlugTests.xctest */,
			);
			name = Products;
			sourceTree = "<group>";
		};
		000000000000000000047005 /* Frameworks */ = {
			isa = PBXGroup;
			children = (
				000000000000000000042008 /* XCTest.framework */,
			);
			name = Frameworks;
			sourceTree = "<group>";
		};
		000000000000000000047006 /* App */ = {
			isa = PBXGroup;
			children = (
				000000000000000000042001 /* PlugApp.swift */,
				000000000000000000042002 /* AppEnvironment.swift */,
			);
			path = App;
			sourceTree = "<group>";
		};
		000000000000000000047007 /* Core/Networking */ = {
			isa = PBXGroup;
			children = (
				000000000000000000042003 /* APIClient.swift */,
			);
			path = Core/Networking;
			sourceTree = "<group>";
		};
		000000000000000000047008 /* Features/Engineering */ = {
			isa = PBXGroup;
			children = (
				000000000000000000042004 /* HealthView.swift */,
			);
			path = Features/Engineering;
			sourceTree = "<group>";
		};
/* End PBXGroup section */

/* Begin PBXNativeTarget section */
		000000000000000000054001 /* Plug */ = {
			isa = PBXNativeTarget;
			buildConfigurationList = 00000000000000000004C002 /* Build configuration list for PBXNativeTarget "Plug" */;
			buildPhases = (
				000000000000000000053001 /* Sources */,
				000000000000000000046001 /* Frameworks */,
				000000000000000000052001 /* Resources */,
			);
			buildRules = (
			);
			dependencies = (
			);
			name = Plug;
			productName = Plug;
			productReference = 000000000000000000042006 /* Plug.app */;
			productType = "com.apple.product-type.application";
		};
		000000000000000000054002 /* PlugTests */ = {
			isa = PBXNativeTarget;
			buildConfigurationList = 00000000000000000004C003 /* Build configuration list for PBXNativeTarget "PlugTests" */;
			buildPhases = (
				000000000000000000053002 /* Sources */,
				000000000000000000046002 /* Frameworks */,
				000000000000000000052002 /* Resources */,
			);
			buildRules = (
			);
			dependencies = (
				000000000000000000044001 /* PBXTargetDependency */,
			);
			name = PlugTests;
			productName = PlugTests;
			productReference = 000000000000000000042007 /* PlugTests.xctest */;
			productType = "com.apple.product-type.bundle.unit-test";
		};
/* End PBXNativeTarget section */

/* Begin PBXProject section */
		000000000000000000050001 /* Project object */ = {
			isa = PBXProject;
			attributes = {
				BuildIndependentTargetsInParallel = 1;
				LastSwiftUpdateCheck = 1600;
				LastUpgradeCheck = 1600;
				TargetAttributes = {
					000000000000000000054001 = {
						CreatedOnToolsVersion = 16.0;
					};
					000000000000000000054002 = {
						CreatedOnToolsVersion = 16.0;
						TestTargetID = 000000000000000000054001;
					};
				};
			};
			buildConfigurationList = 00000000000000000004C001 /* Build configuration list for PBXProject "Plug" */;
			compatibilityVersion = "Xcode 15.0";
			developmentRegion = en;
			hasScannedForEncodings = 0;
			knownRegions = (
				en,
				Base,
			);
			mainGroup = 000000000000000000047001;
			productRefGroup = 000000000000000000047004 /* Products */;
			projectDirPath = "";
			projectRoot = "";
			targets = (
				000000000000000000054001 /* Plug */,
				000000000000000000054002 /* PlugTests */,
			);
		};
/* End PBXProject section */

/* Begin PBXResourcesBuildPhase section */
		000000000000000000052001 /* Resources */ = {
			isa = PBXResourcesBuildPhase;
			buildActionMask = 2147483647;
			files = (
			);
			runOnlyForDeploymentPostprocessing = 0;
		};
		000000000000000000052002 /* Resources */ = {
			isa = PBXResourcesBuildPhase;
			buildActionMask = 2147483647;
			files = (
				000000000000000000041007 /* ../../contracts/examples/health-response.json in Resources */,
			);
			runOnlyForDeploymentPostprocessing = 0;
		};
/* End PBXResourcesBuildPhase section */

/* Begin PBXSourcesBuildPhase section */
		000000000000000000053001 /* Sources */ = {
			isa = PBXSourcesBuildPhase;
			buildActionMask = 2147483647;
			files = (
				000000000000000000041001 /* PlugApp.swift in Sources */,
				000000000000000000041002 /* AppEnvironment.swift in Sources */,
				000000000000000000041003 /* APIClient.swift in Sources */,
				000000000000000000041004 /* HealthView.swift in Sources */,
				000000000000000000041008 /* Core/DesignSystem/PlugTokens.swift in Sources */,
				2E857CDF393AE466C187ED01 /* Color+Hex.swift in Sources */,
				E12CEBECEADA3ECFCA6E1DD9 /* Tokens.swift (generated) in Sources */,
				A10000000000000000000D /* Core/Networking/PlugJSON.swift in Sources */,
				A100000000000000000001F5 /* Core/Networking/Endpoint.swift in Sources */,
				A100000000000000000001F6 /* Core/Networking/APIError.swift in Sources */,
				A100000000000000000001F7 /* Core/Storage/KeychainStore.swift in Sources */,
				A100000000000000000001F8 /* Core/Storage/SessionStore.swift in Sources */,
				A100000000000000000001F9 /* Core/Models/Session.swift in Sources */,
				A100000000000000000001FA /* Core/Utilities/SignInNonce.swift in Sources */,
				A100000000000000000001FB /* Features/Authentication/AuthenticationState.swift in Sources */,
				A100000000000000000001FC /* Features/Authentication/AuthenticationModel.swift in Sources */,
				A100000000000000000001FD /* Features/Authentication/ConsentNotice.swift in Sources */,
				A100000000000000000001FE /* Features/Authentication/CodeEntryView.swift in Sources */,
				A100000000000000000001FF /* Features/Authentication/WelcomeView.swift in Sources */,
			);
			runOnlyForDeploymentPostprocessing = 0;
		};
		000000000000000000053002 /* Sources */ = {
			isa = PBXSourcesBuildPhase;
			buildActionMask = 2147483647;
			files = (
				000000000000000000041005 /* HealthResponseTests.swift in Sources */,
				000000000000000000041009 /* APIClientTests.swift in Sources */,
				A10000000000000000000258 /* TestTransport.swift in Sources */,
				A10000000000000000000259 /* InMemoryCredentialStore.swift in Sources */,
				A1000000000000000000025A /* KeychainStoreTests.swift in Sources */,
				A1000000000000000000025B /* SessionStoreTests.swift in Sources */,
				A1000000000000000000025C /* AuthenticationModelTests.swift in Sources */,
			);
			runOnlyForDeploymentPostprocessing = 0;
		};
/* End PBXSourcesBuildPhase section */

/* Begin PBXTargetDependency section */
		000000000000000000044001 /* PBXTargetDependency */ = {
			isa = PBXTargetDependency;
			target = 000000000000000000054001 /* Plug */;
			targetProxy = 000000000000000000043001 /* PBXContainerItemProxy */;
		};
/* End PBXTargetDependency section */

/* Begin XCBuildConfiguration section */
		000000000000000000043065 /* Debug */ = {
			isa = XCBuildConfiguration;
			buildSettings = {
				ALWAYS_SEARCH_USER_PATHS = NO;
				CLANG_ENABLE_MODULES = YES;
				SDKROOT = iphoneos;
				SWIFT_ACTIVE_COMPILATION_CONDITIONS = DEBUG;
				SWIFT_VERSION = 5.0;
			};
			name = Debug;
		};
		000000000000000000043066 /* Release */ = {
			isa = XCBuildConfiguration;
			buildSettings = {
				ALWAYS_SEARCH_USER_PATHS = NO;
				CLANG_ENABLE_MODULES = YES;
				SDKROOT = iphoneos;
				SWIFT_VERSION = 5.0;
			};
			name = Release;
		};
		0000000000000000000430C9 /* Debug */ = {
			isa = XCBuildConfiguration;
			buildSettings = {
				CODE_SIGN_ENTITLEMENTS = "Plug/Resources/Plug.entitlements";
				CODE_SIGN_STYLE = Automatic;
				CURRENT_PROJECT_VERSION = 1;
				DEVELOPMENT_TEAM = W5A7U9W369;
				ENABLE_TESTABILITY = YES;
				GENERATE_INFOPLIST_FILE = YES;
				INFOPLIST_FILE = "Plug/Resources/Debug-Info.plist";
				IPHONEOS_DEPLOYMENT_TARGET = 17.0;
				MARKETING_VERSION = 0.1.0;
				PRODUCT_BUNDLE_IDENTIFIER = com.abubakarsidiq01.plug.app101;
				PRODUCT_NAME = "$(TARGET_NAME)";
				SWIFT_ACTIVE_COMPILATION_CONDITIONS = DEBUG;
				SWIFT_EMIT_LOC_STRINGS = YES;
				TARGETED_DEVICE_FAMILY = "1,2";
			};
			name = Debug;
		};
		0000000000000000000430CA /* Release */ = {
			isa = XCBuildConfiguration;
			buildSettings = {
				CODE_SIGN_ENTITLEMENTS = "Plug/Resources/Plug.entitlements";
				CODE_SIGN_STYLE = Automatic;
				CURRENT_PROJECT_VERSION = 1;
				DEVELOPMENT_TEAM = W5A7U9W369;
				ENABLE_TESTABILITY = NO;
				GENERATE_INFOPLIST_FILE = YES;
				INFOPLIST_FILE = "Plug/Resources/Release-Info.plist";
				IPHONEOS_DEPLOYMENT_TARGET = 17.0;
				MARKETING_VERSION = 0.1.0;
				PRODUCT_BUNDLE_IDENTIFIER = com.abubakarsidiq01.plug.app101;
				PRODUCT_NAME = "$(TARGET_NAME)";
				SWIFT_COMPILATION_MODE = wholemodule;
				TARGETED_DEVICE_FAMILY = "1,2";
			};
			name = Release;
		};
		00000000000000000004312D /* Debug */ = {
			isa = XCBuildConfiguration;
			buildSettings = {
				BUNDLE_LOADER = "$(TEST_HOST)";
				GENERATE_INFOPLIST_FILE = YES;
				IPHONEOS_DEPLOYMENT_TARGET = 17.0;
				PRODUCT_BUNDLE_IDENTIFIER = com.plug.app.tests;
				PRODUCT_NAME = "$(TARGET_NAME)";
				SWIFT_VERSION = 5.0;
				TEST_HOST = "$(BUILT_PRODUCTS_DIR)/Plug.app/$(BUNDLE_EXECUTABLE_FOLDER_PATH)/Plug";
			};
			name = Debug;
		};
		00000000000000000004312E /* Release */ = {
			isa = XCBuildConfiguration;
			buildSettings = {
				BUNDLE_LOADER = "$(TEST_HOST)";
				GENERATE_INFOPLIST_FILE = YES;
				IPHONEOS_DEPLOYMENT_TARGET = 17.0;
				PRODUCT_BUNDLE_IDENTIFIER = com.plug.app.tests;
				PRODUCT_NAME = "$(TARGET_NAME)";
				SWIFT_VERSION = 5.0;
				TEST_HOST = "$(BUILT_PRODUCTS_DIR)/Plug.app/$(BUNDLE_EXECUTABLE_FOLDER_PATH)/Plug";
			};
			name = Release;
		};
/* End XCBuildConfiguration section */

/* Begin XCConfigurationList section */
		00000000000000000004C001 /* Build configuration list for PBXProject "Plug" */ = {
			isa = XCConfigurationList;
			buildConfigurations = (
				000000000000000000043065 /* Debug */,
				000000000000000000043066 /* Release */,
			);
			defaultConfigurationIsVisible = 0;
			defaultConfigurationName = Release;
		};
		00000000000000000004C002 /* Build configuration list for PBXNativeTarget "Plug" */ = {
			isa = XCConfigurationList;
			buildConfigurations = (
				0000000000000000000430C9 /* Debug */,
				0000000000000000000430CA /* Release */,
			);
			defaultConfigurationIsVisible = 0;
			defaultConfigurationName = Release;
		};
		00000000000000000004C003 /* Build configuration list for PBXNativeTarget "PlugTests" */ = {
			isa = XCConfigurationList;
			buildConfigurations = (
				00000000000000000004312D /* Debug */,
				00000000000000000004312E /* Release */,
			);
			defaultConfigurationIsVisible = 0;
			defaultConfigurationName = Release;
		};
/* End XCConfigurationList section */
	};
	rootObject = 000000000000000000050001 /* Project object */;
}
